<?xml version="1.0" encoding="utf-8"?>
<Project ToolsVersion="4.0" xmlns="http://schemas.microsoft.com/developer/msbuild/2003">
  <ItemGroup>
    <Filter Include="Source Files">
      <UniqueIdentifier>{4FC737F1-C7A5-4376-A066-2A32D752A2FF}</UniqueIdentifier>
      <Extensions>cpp;c;cc;cxx;def;odl;idl;hpj;bat;asm;asmx</Extensions>
    </Filter>
    <Filter Include="Header Files">
      <UniqueIdentifier>{93995380-89BD-4b04-88EB-625FBE52EBFB}</UniqueIdentifier>
      <Extensions>h;hh;hpp;hxx;hm;inl;inc;xsd</Extensions>
    </Filter>
    <Filter Include="Resource Files">
      <UniqueIdentifier>{67DA6AB6-F800-4c08-8B7A-83BB121AAD01}</UniqueIdentifier>
      <Extensions>rc;ico;cur;bmp;dlg;rc2;rct;bin;rgs;gif;jpg;jpeg;jpe;resx;tiff;tif;png;wav;mfcribbon-ms</Extensions>
    </Filter>
    <Filter Include="Source Files\Core">
      <UniqueIdentifier>{1330a927-fab2-4083-9356-608e00d0bdab}</UniqueIdentifier>
    </Filter>
    <Filter Include="Source Files\Core\Threading">
      <UniqueIdentifier>{5d33066d-39e0-4857-bced-a83d9fd99984}</UniqueIdentifier>
    </Filter>
    <Filter Include="Source Files\Core\Containers">
      <UniqueIdentifier>{b32793b4-a1e5-46a7-933a-4e7bfe376b33}</UniqueIdentifier>
    </Filter>
    <Filter Include="Source Files\Core\Platform">
      <UniqueIdentifier>{3acf3f5c-1b2e-41d7-82ad-492924af5641}</UniqueIdentifier>
    </Filter>
    <Filter Include="Source Files\Core\Animation">
      <UniqueIdentifier>{01f06167-bf4f-4253-8412-add382601853}</UniqueIdentifier>
    </Filter>
    <Filter Include="Source Files\Core\Vector">
      <UniqueIdentifier>{a585ef7a-d063-43f4-ba49-aa40e1d755f7}</UniqueIdentifier>
    </Filter>
    <Filter Include="Source Files\Core\Intrinsic">
      <UniqueIdentifier>{0f7725f4-1ec4-4bf7-855d-c469c627d7a0}</UniqueIdentifier>
    </Filter>
    <Filter Include="Source Files\Core\Misc">
      <UniqueIdentifier>{ef211ab9-bd3f-4a7a-b894-3fdca077cda9}</UniqueIdentifier>
    </Filter>
    <Filter Include="Source Files\Util">
      <UniqueIdentifier>{50e3487a-801b-44a2-87da-3ba9fc6da0cb}</UniqueIdentifier>
    </Filter>
    <Filter Include="Source Files\Util\Math">
      <UniqueIdentifier>{2a0c15ce-39e0-423c-a295-b8cae93bc984}</UniqueIdentifier>
    </Filter>
    <Filter Include="Source Files\Core\CPU">
      <UniqueIdentifier>{2a4e121b-142b-4cc3-a051-5ae9fd35fd53}</UniqueIdentifier>
    </Filter>
    <Filter Include="Source Files\Render">
      <UniqueIdentifier>{db5297e9-52e9-4572-ab93-a4df15eb500c}</UniqueIdentifier>
    </Filter>
    <Filter Include="Source Files\Render\DirectX">
      <UniqueIdentifier>{e96563c4-d57b-4585-a804-682f40cec89c}</UniqueIdentifier>
    </Filter>
    <Filter Include="Source Files\Render\Display">
      <UniqueIdentifier>{8304104a-0982-402c-b7dd-95087daae6ca}</UniqueIdentifier>
    </Filter>
    <Filter Include="Source Files\Render\Renderer">
      <UniqueIdentifier>{533ea6cb-191a-426e-abbb-3c8d70eb572b}</UniqueIdentifier>
    </Filter>
    <Filter Include="Source Files\Render\Graphics">
      <UniqueIdentifier>{a4c750e2-b010-47f0-b174-9860b5164131}</UniqueIdentifier>
    </Filter>
    <Filter Include="Source Files\Input">
      <UniqueIdentifier>{3aaf9760-8d2b-42dc-8bf0-a04b8ca085e2}</UniqueIdentifier>
    </Filter>
    <Filter Include="Source Files\Render\Texture">
      <UniqueIdentifier>{34028ab2-3155-494e-bca6-399583fc0712}</UniqueIdentifier>
    </Filter>
    <Filter Include="Source Files\Asset">
      <UniqueIdentifier>{5129f5ae-8298-4e8f-9c50-57f26f8e0d6b}</UniqueIdentifier>
    </Filter>
    <Filter Include="Source Files\Util\String">
      <UniqueIdentifier>{de1da612-2138-4c4b-a8e9-6db02ff0122b}</UniqueIdentifier>
    </Filter>
    <Filter Include="Source Files\Asset\Manifest">
      <UniqueIdentifier>{a59892b9-346f-4d37-8f0b-8b972acc7d41}</UniqueIdentifier>
    </Filter>
    <Filter Include="Source Files\Asset\Texture">
      <UniqueIdentifier>{a9f3bbc9-0026-4ce5-a262-e9096fb7c8fd}</UniqueIdentifier>
    </Filter>
    <Filter Include="Source Files\Asset\Texture\Shaders">
      <UniqueIdentifier>{2a16e39d-3cf1-4df5-a380-79ab4ffe6db6}</UniqueIdentifier>
    </Filter>
    <Filter Include="Source Files\Asset\Texture\Shaders\Compiled">
      <UniqueIdentifier>{c6914200-a7a3-4ffc-aa80-0ced34f67d24}</UniqueIdentifier>
    </Filter>
    <Filter Include="Source Files\Render\DirectX\Heap">
      <UniqueIdentifier>{558a91ad-1683-4f9f-9a8c-97d97565f4af}</UniqueIdentifier>
    </Filter>
    <Filter Include="Source Files\Render\DirectX\Resources">
      <UniqueIdentifier>{f1e4f5dd-dbd5-4694-8884-1c511d9388a8}</UniqueIdentifier>
    </Filter>
    <Filter Include="Source Files\Render\Shader">
      <UniqueIdentifier>{05ed4514-9f7b-495b-8838-850b1409c63b}</UniqueIdentifier>
    </Filter>
    <Filter Include="Source Files\Util\File">
      <UniqueIdentifier>{99a968b4-be7b-4186-9a97-3a67cc81b24e}</UniqueIdentifier>
    </Filter>
    <Filter Include="Source Files\Render\Shader\State">
      <UniqueIdentifier>{161167ae-7adf-4c4a-83c8-ba87767fb3d4}</UniqueIdentifier>
    </Filter>
    <Filter Include="Source Files\Render\Shader\RootSignature">
      <UniqueIdentifier>{6723fd7c-193e-4ec7-8c51-a6c98b673da4}</UniqueIdentifier>
    </Filter>
    <Filter Include="Source Files\Render\Mesh">
      <UniqueIdentifier>{17a36b52-fc5a-46ca-8f2d-0f27f4fabd5a}</UniqueIdentifier>
    </Filter>
    <Filter Include="Source Files\Render\Mesh\FBX">
      <UniqueIdentifier>{2135aec9-9794-4cec-a301-3a1ae5bacd9d}</UniqueIdentifier>
    </Filter>
    <Filter Include="Source Files\Render\Buffer">
      <UniqueIdentifier>{0dc7a4d2-7dca-4f91-a326-5f32cfe4b682}</UniqueIdentifier>
    </Filter>
    <Filter Include="Source Files\Render\DirectX\Context">
      <UniqueIdentifier>{60e37709-46a4-43aa-9845-6b7838a03bf6}</UniqueIdentifier>
    </Filter>
    <Filter Include="Source Files\Render\DirectX\Queue">
      <UniqueIdentifier>{64cd837d-79fd-45e6-a6b4-7b950c326b74}</UniqueIdentifier>
    </Filter>
    <Filter Include="Source Files\Render\Shader\Definitions">
      <UniqueIdentifier>{e96ab6a2-5159-47f8-8e4a-35305c606733}</UniqueIdentifier>
    </Filter>
    <Filter Include="Source Files\Render\Material">
      <UniqueIdentifier>{ae34f5e8-c0b3-4e0f-901e-1d18e44caf8c}</UniqueIdentifier>
    </Filter>
    <Filter Include="Source Files\Entity">
      <UniqueIdentifier>{ed97d2ec-2c81-44c5-ba7d-6b13a385f450}</UniqueIdentifier>
    </Filter>
    <Filter Include="Source Files\Camera">
      <UniqueIdentifier>{3eeacf9e-5dc9-49cc-aa11-9bcb80aa7d7d}</UniqueIdentifier>
    </Filter>
    <Filter Include="Source Files\Render\Texture\Sampler">
      <UniqueIdentifier>{ec09656b-75b2-4c80-b91d-410a88bb6847}</UniqueIdentifier>
    </Filter>
    <Filter Include="Source Files\Scene">
      <UniqueIdentifier>{ee29ccc1-113c-4bf0-9c58-44a7b139609c}</UniqueIdentifier>
    </Filter>
  </ItemGroup>
  <ItemGroup>
    <ClInclude Include="src\Core\Threading\Job.h">
      <Filter>Source Files\Core\Threading</Filter>
    </ClInclude>
    <ClInclude Include="src\Core\Threading\ThreadPool.h">
      <Filter>Source Files\Core\Threading</Filter>
    </ClInclude>
    <ClInclude Include="src\Core\Threading\ThreadPoolManager.h">
      <Filter>Source Files\Core\Threading</Filter>
    </ClInclude>
    <ClInclude Include="src\Core\Containers\DynamicArray.h">
      <Filter>Source Files\Core\Containers</Filter>
    </ClInclude>
    <ClInclude Include="src\Core\Containers\List.h">
      <Filter>Source Files\Core\Containers</Filter>
    </ClInclude>
    <ClInclude Include="src\Core\Containers\Pair.h">
      <Filter>Source Files\Core\Containers</Filter>
    </ClInclude>
    <ClInclude Include="src\Core\Platform\PlatformCore.h">
      <Filter>Source Files\Core\Platform</Filter>
    </ClInclude>
    <ClInclude Include="src\EdenEngineWindow.h">
      <Filter>Source Files</Filter>
    </ClInclude>
    <ClInclude Include="src\EdenEngine.h">
      <Filter>Source Files</Filter>
    </ClInclude>
    <ClInclude Include="src\Core\Animation\AnimatedValue.h">
      <Filter>Source Files\Core\Animation</Filter>
    </ClInclude>
    <ClInclude Include="src\Core\Animation\AnimatedValueKey.h">
      <Filter>Source Files\Core\Animation</Filter>
    </ClInclude>
    <ClInclude Include="src\Core\Vector\Vector2.h">
      <Filter>Source Files\Core\Vector</Filter>
    </ClInclude>
    <ClInclude Include="src\Core\Vector\Vector3.h">
      <Filter>Source Files\Core\Vector</Filter>
    </ClInclude>
    <ClInclude Include="src\Core\Vector\Vector4.h">
      <Filter>Source Files\Core\Vector</Filter>
    </ClInclude>
    <ClInclude Include="src\Core\Intrinsic\Intrinsics.h">
      <Filter>Source Files\Core\Intrinsic</Filter>
    </ClInclude>
    <ClInclude Include="src\Core\Misc\Axis.h">
      <Filter>Source Files\Core\Misc</Filter>
    </ClInclude>
    <ClInclude Include="src\Core\Misc\Box.h">
      <Filter>Source Files\Core\Misc</Filter>
    </ClInclude>
    <ClInclude Include="src\Core\Misc\Color.h">
      <Filter>Source Files\Core\Misc</Filter>
    </ClInclude>
    <ClInclude Include="src\Core\Misc\Ray.h">
      <Filter>Source Files\Core\Misc</Filter>
    </ClInclude>
    <ClInclude Include="src\Core\Misc\Rect.h">
      <Filter>Source Files\Core\Misc</Filter>
    </ClInclude>
    <ClInclude Include="src\Util\Math\MathHelper.h">
      <Filter>Source Files\Util\Math</Filter>
    </ClInclude>
    <ClInclude Include="src\Util\Math\RandomGen.h">
      <Filter>Source Files\Util\Math</Filter>
    </ClInclude>
    <ClInclude Include="src\Core\CPU\CPUTracker.h">
      <Filter>Source Files\Core\CPU</Filter>
    </ClInclude>
    <ClInclude Include="src\Core\CPU\GameTimer.h">
      <Filter>Source Files\Core\CPU</Filter>
    </ClInclude>
    <ClInclude Include="src\Render\DirectX\D3D12Helper.h">
      <Filter>Source Files\Render\DirectX</Filter>
    </ClInclude>
    <ClInclude Include="src\Render\DirectX\Direct3DManager.h">
      <Filter>Source Files\Render\DirectX</Filter>
    </ClInclude>
    <ClInclude Include="src\Render\Display\DisplayOrientation.h">
      <Filter>Source Files\Render\Display</Filter>
    </ClInclude>
    <ClInclude Include="src\Render\Renderer\DeferredRenderer.h">
      <Filter>Source Files\Render\Renderer</Filter>
    </ClInclude>
    <ClInclude Include="src\Render\Graphics\GraphicsManager.h">
      <Filter>Source Files\Render\Graphics</Filter>
    </ClInclude>
    <ClInclude Include="src\Input\InputManager.h">
      <Filter>Source Files\Input</Filter>
    </ClInclude>
    <ClInclude Include="src\Render\Texture\Texture.h">
      <Filter>Source Files\Render\Texture</Filter>
    </ClInclude>
    <ClInclude Include="src\Render\Texture\TextureManager.h">
      <Filter>Source Files\Render\Texture</Filter>
    </ClInclude>
    <ClInclude Include="src\Util\String\StringConverter.h">
      <Filter>Source Files\Util\String</Filter>
    </ClInclude>
    <ClInclude Include="src\Asset\Manifest\ManifestLoader.h">
      <Filter>Source Files\Asset\Manifest</Filter>
    </ClInclude>
    <ClInclude Include="src\Asset\Texture\BC.h">
      <Filter>Source Files\Asset\Texture</Filter>
    </ClInclude>
    <ClInclude Include="src\Asset\Texture\BCDirectCompute.h">
      <Filter>Source Files\Asset\Texture</Filter>
    </ClInclude>
    <ClInclude Include="src\Asset\Texture\DDS.h">
      <Filter>Source Files\Asset\Texture</Filter>
    </ClInclude>
    <ClInclude Include="src\Asset\Texture\DirectXTex.h">
      <Filter>Source Files\Asset\Texture</Filter>
    </ClInclude>
    <ClInclude Include="src\Asset\Texture\DirectXTexP.h">
      <Filter>Source Files\Asset\Texture</Filter>
    </ClInclude>
    <ClInclude Include="src\Asset\Texture\Filters.h">
      <Filter>Source Files\Asset\Texture</Filter>
    </ClInclude>
    <ClInclude Include="src\Asset\Texture\scoped.h">
      <Filter>Source Files\Asset\Texture</Filter>
    </ClInclude>
    <ClInclude Include="src\Render\DirectX\Heap\DescriptorHeap.h">
      <Filter>Source Files\Render\DirectX\Heap</Filter>
    </ClInclude>
    <ClInclude Include="src\Render\DirectX\Heap\DescriptorHeapHandle.h">
      <Filter>Source Files\Render\DirectX\Heap</Filter>
    </ClInclude>
    <ClInclude Include="src\Render\DirectX\Resources\Direct3DResources.h">
      <Filter>Source Files\Render\DirectX\Resources</Filter>
    </ClInclude>
    <ClInclude Include="src\Render\DirectX\Heap\Direct3DHeapManager.h">
      <Filter>Source Files\Render\DirectX\Heap</Filter>
    </ClInclude>
    <ClInclude Include="src\Render\Shader\Shader.h">
      <Filter>Source Files\Render\Shader</Filter>
    </ClInclude>
    <ClInclude Include="src\Util\File\FileUtil.h">
      <Filter>Source Files\Util\File</Filter>
    </ClInclude>
    <ClInclude Include="src\Render\Shader\ShaderManager.h">
      <Filter>Source Files\Render\Shader</Filter>
    </ClInclude>
    <ClInclude Include="src\Render\Shader\ShaderTechnique.h">
      <Filter>Source Files\Render\Shader</Filter>
    </ClInclude>
    <ClInclude Include="src\Render\Shader\ShaderPipelineDefinition.h">
      <Filter>Source Files\Render\Shader</Filter>
    </ClInclude>
    <ClInclude Include="src\Render\Shader\State\ShaderPipelineStateCreator.h">
      <Filter>Source Files\Render\Shader\State</Filter>
    </ClInclude>
    <ClInclude Include="src\Render\Shader\ShaderPSO.h">
      <Filter>Source Files\Render\Shader</Filter>
    </ClInclude>
    <ClInclude Include="src\Render\Shader\RootSignature\RootSignatureManager.h">
      <Filter>Source Files\Render\Shader\RootSignature</Filter>
    </ClInclude>
    <ClInclude Include="src\Render\Mesh\FBX\FBXLoader.h">
      <Filter>Source Files\Render\Mesh\FBX</Filter>
    </ClInclude>
    <ClInclude Include="src\Render\Mesh\Mesh.h">
      <Filter>Source Files\Render\Mesh</Filter>
    </ClInclude>
    <ClInclude Include="src\Render\Mesh\MeshManager.h">
      <Filter>Source Files\Render\Mesh</Filter>
    </ClInclude>
    <ClInclude Include="src\Render\DirectX\Context\Direct3DContext.h">
      <Filter>Source Files\Render\DirectX\Context</Filter>
    </ClInclude>
    <ClInclude Include="src\Render\DirectX\Queue\Direct3DQueue.h">
      <Filter>Source Files\Render\DirectX\Queue</Filter>
    </ClInclude>
    <ClInclude Include="src\Render\DirectX\Queue\Direct3DQueueManager.h">
      <Filter>Source Files\Render\DirectX\Queue</Filter>
    </ClInclude>
    <ClInclude Include="src\Render\Buffer\GPUResource.h">
      <Filter>Source Files\Render\Buffer</Filter>
    </ClInclude>
    <ClInclude Include="src\Render\DirectX\Context\Direct3DContextManager.h">
      <Filter>Source Files\Render\DirectX\Context</Filter>
    </ClInclude>
    <ClInclude Include="src\Render\Shader\Definitions\ConstantBufferDefinitions.h">
      <Filter>Source Files\Render\Shader\Definitions</Filter>
    </ClInclude>
    <ClInclude Include="src\Render\Material\Material.h">
      <Filter>Source Files\Render\Material</Filter>
    </ClInclude>
    <ClInclude Include="src\Entity\SceneEntity.h">
      <Filter>Source Files\Entity</Filter>
    </ClInclude>
    <ClInclude Include="src\Render\Material\MaterialManager.h">
      <Filter>Source Files\Render\Material</Filter>
    </ClInclude>
    <ClInclude Include="src\Camera\Camera.h">
      <Filter>Source Files\Camera</Filter>
    </ClInclude>
    <ClInclude Include="src\Render\Texture\Sampler\Sampler.h">
      <Filter>Source Files\Render\Texture\Sampler</Filter>
    </ClInclude>
    <ClInclude Include="src\Render\Texture\Sampler\SamplerManager.h">
      <Filter>Source Files\Render\Texture\Sampler</Filter>
    </ClInclude>
    <ClInclude Include="src\Camera\CameraManager.h">
      <Filter>Source Files\Camera</Filter>
    </ClInclude>
    <ClInclude Include="src\Scene\Scene.h">
      <Filter>Source Files\Scene</Filter>
    </ClInclude>
    <ClInclude Include="src\Scene\SceneManager.h">
      <Filter>Source Files\Scene</Filter>
    </ClInclude>
    <ClInclude Include="src\Render\Shader\Definitions\MaterialDefinitions.h">
      <Filter>Source Files\Render\Shader\Definitions</Filter>
    </ClInclude>
  </ItemGroup>
  <ItemGroup>
    <ClCompile Include="src\main.cpp">
      <Filter>Source Files</Filter>
    </ClCompile>
    <ClCompile Include="src\Core\Threading\Job.cpp">
      <Filter>Source Files\Core\Threading</Filter>
    </ClCompile>
    <ClCompile Include="src\Core\Threading\ThreadPool.cpp">
      <Filter>Source Files\Core\Threading</Filter>
    </ClCompile>
    <ClCompile Include="src\Core\Threading\ThreadPoolManager.cpp">
      <Filter>Source Files\Core\Threading</Filter>
    </ClCompile>
    <ClCompile Include="src\EdenEngine.cpp">
      <Filter>Source Files</Filter>
    </ClCompile>
    <ClCompile Include="src\EdenEngineWindow.cpp">
      <Filter>Source Files</Filter>
    </ClCompile>
    <ClCompile Include="src\Core\Animation\AnimatedValue.cpp">
      <Filter>Source Files\Core\Animation</Filter>
    </ClCompile>
    <ClCompile Include="src\Render\DirectX\Direct3DManager.cpp">
      <Filter>Source Files\Render\DirectX</Filter>
    </ClCompile>
    <ClCompile Include="src\Render\Renderer\DeferredRenderer.cpp">
      <Filter>Source Files\Render\Renderer</Filter>
    </ClCompile>
    <ClCompile Include="src\Render\Graphics\GraphicsManager.cpp">
      <Filter>Source Files\Render\Graphics</Filter>
    </ClCompile>
    <ClCompile Include="src\Input\InputManager.cpp">
      <Filter>Source Files\Input</Filter>
    </ClCompile>
    <ClCompile Include="src\Render\Texture\Texture.cpp">
      <Filter>Source Files\Render\Texture</Filter>
    </ClCompile>
    <ClCompile Include="src\Render\Texture\TextureManager.cpp">
      <Filter>Source Files\Render\Texture</Filter>
    </ClCompile>
    <ClCompile Include="src\Asset\Texture\BC.cpp">
      <Filter>Source Files\Asset\Texture</Filter>
    </ClCompile>
    <ClCompile Include="src\Asset\Texture\BC4BC5.cpp">
      <Filter>Source Files\Asset\Texture</Filter>
    </ClCompile>
    <ClCompile Include="src\Asset\Texture\BC6HBC7.cpp">
      <Filter>Source Files\Asset\Texture</Filter>
    </ClCompile>
    <ClCompile Include="src\Asset\Texture\BCDirectCompute.cpp">
      <Filter>Source Files\Asset\Texture</Filter>
    </ClCompile>
    <ClCompile Include="src\Asset\Texture\DirectXTexCompress.cpp">
      <Filter>Source Files\Asset\Texture</Filter>
    </ClCompile>
    <ClCompile Include="src\Asset\Texture\DirectXTexCompressGPU.cpp">
      <Filter>Source Files\Asset\Texture</Filter>
    </ClCompile>
    <ClCompile Include="src\Asset\Texture\DirectXTexConvert.cpp">
      <Filter>Source Files\Asset\Texture</Filter>
    </ClCompile>
    <ClCompile Include="src\Asset\Texture\DirectXTexD3D11.cpp">
      <Filter>Source Files\Asset\Texture</Filter>
    </ClCompile>
    <ClCompile Include="src\Asset\Texture\DirectXTexDDS.cpp">
      <Filter>Source Files\Asset\Texture</Filter>
    </ClCompile>
    <ClCompile Include="src\Asset\Texture\DirectXTexFlipRotate.cpp">
      <Filter>Source Files\Asset\Texture</Filter>
    </ClCompile>
    <ClCompile Include="src\Asset\Texture\DirectXTexImage.cpp">
      <Filter>Source Files\Asset\Texture</Filter>
    </ClCompile>
    <ClCompile Include="src\Asset\Texture\DirectXTexMipmaps.cpp">
      <Filter>Source Files\Asset\Texture</Filter>
    </ClCompile>
    <ClCompile Include="src\Asset\Texture\DirectXTexMisc.cpp">
      <Filter>Source Files\Asset\Texture</Filter>
    </ClCompile>
    <ClCompile Include="src\Asset\Texture\DirectXTexNormalMaps.cpp">
      <Filter>Source Files\Asset\Texture</Filter>
    </ClCompile>
    <ClCompile Include="src\Asset\Texture\DirectXTexPMAlpha.cpp">
      <Filter>Source Files\Asset\Texture</Filter>
    </ClCompile>
    <ClCompile Include="src\Asset\Texture\DirectXTexResize.cpp">
      <Filter>Source Files\Asset\Texture</Filter>
    </ClCompile>
    <ClCompile Include="src\Asset\Texture\DirectXTexTGA.cpp">
      <Filter>Source Files\Asset\Texture</Filter>
    </ClCompile>
    <ClCompile Include="src\Asset\Texture\DirectXTexUtil.cpp">
      <Filter>Source Files\Asset\Texture</Filter>
    </ClCompile>
    <ClCompile Include="src\Asset\Texture\DirectXTexWIC.cpp">
      <Filter>Source Files\Asset\Texture</Filter>
    </ClCompile>
    <ClCompile Include="src\Render\DirectX\Heap\DescriptorHeap.cpp">
      <Filter>Source Files\Render\DirectX\Heap</Filter>
    </ClCompile>
    <ClCompile Include="src\Render\DirectX\Resources\Direct3DResources.cpp">
      <Filter>Source Files\Render\DirectX\Resources</Filter>
    </ClCompile>
    <ClCompile Include="src\Render\DirectX\Heap\Direct3DHeapManager.cpp">
      <Filter>Source Files\Render\DirectX\Heap</Filter>
    </ClCompile>
    <ClCompile Include="src\Core\Platform\PlatformCore.cpp">
      <Filter>Source Files\Core\Platform</Filter>
    </ClCompile>
    <ClCompile Include="src\Render\Shader\Shader.cpp">
      <Filter>Source Files\Render\Shader</Filter>
    </ClCompile>
    <ClCompile Include="src\Render\Shader\ShaderManager.cpp">
      <Filter>Source Files\Render\Shader</Filter>
    </ClCompile>
    <ClCompile Include="src\Render\Shader\ShaderTechnique.cpp">
      <Filter>Source Files\Render\Shader</Filter>
    </ClCompile>
    <ClCompile Include="src\Render\Shader\State\ShaderPipelineStateCreator.cpp">
      <Filter>Source Files\Render\Shader\State</Filter>
    </ClCompile>
    <ClCompile Include="src\Render\Shader\ShaderPSO.cpp">
      <Filter>Source Files\Render\Shader</Filter>
    </ClCompile>
    <ClCompile Include="src\Render\Shader\RootSignature\RootSignatureManager.cpp">
      <Filter>Source Files\Render\Shader\RootSignature</Filter>
    </ClCompile>
    <ClCompile Include="src\Render\Mesh\FBX\FBXLoader.cpp">
      <Filter>Source Files\Render\Mesh\FBX</Filter>
    </ClCompile>
    <ClCompile Include="src\Render\Mesh\Mesh.cpp">
      <Filter>Source Files\Render\Mesh</Filter>
    </ClCompile>
    <ClCompile Include="src\Render\Mesh\MeshManager.cpp">
      <Filter>Source Files\Render\Mesh</Filter>
    </ClCompile>
    <ClCompile Include="src\Render\DirectX\Context\Direct3DContext.cpp">
      <Filter>Source Files\Render\DirectX\Context</Filter>
    </ClCompile>
    <ClCompile Include="src\Render\DirectX\Queue\Direct3DQueue.cpp">
      <Filter>Source Files\Render\DirectX\Queue</Filter>
    </ClCompile>
    <ClCompile Include="src\Render\DirectX\Queue\Direct3DQueueManager.cpp">
      <Filter>Source Files\Render\DirectX\Queue</Filter>
    </ClCompile>
    <ClCompile Include="src\Render\Buffer\GPUResource.cpp">
      <Filter>Source Files\Render\Buffer</Filter>
    </ClCompile>
    <ClCompile Include="src\Render\DirectX\Context\Direct3DContextManager.cpp">
      <Filter>Source Files\Render\DirectX\Context</Filter>
    </ClCompile>
    <ClCompile Include="src\Render\Material\Material.cpp">
      <Filter>Source Files\Render\Material</Filter>
    </ClCompile>
    <ClCompile Include="src\Entity\SceneEntity.cpp">
      <Filter>Source Files\Entity</Filter>
    </ClCompile>
    <ClCompile Include="src\Render\Material\MaterialManager.cpp">
      <Filter>Source Files\Render\Material</Filter>
    </ClCompile>
    <ClCompile Include="src\Camera\Camera.cpp">
      <Filter>Source Files\Camera</Filter>
    </ClCompile>
    <ClCompile Include="src\Render\Texture\Sampler\Sampler.cpp">
      <Filter>Source Files\Render\Texture\Sampler</Filter>
    </ClCompile>
    <ClCompile Include="src\Render\Texture\Sampler\SamplerManager.cpp">
      <Filter>Source Files\Render\Texture\Sampler</Filter>
    </ClCompile>
    <ClCompile Include="src\Camera\CameraManager.cpp">
      <Filter>Source Files\Camera</Filter>
    </ClCompile>
    <ClCompile Include="src\Scene\Scene.cpp">
      <Filter>Source Files\Scene</Filter>
    </ClCompile>
    <ClCompile Include="src\Scene\SceneManager.cpp">
      <Filter>Source Files\Scene</Filter>
    </ClCompile>
    <ClCompile Include="src\Render\Shader\Definitions\ConstantBufferDefinitions.cpp">
      <Filter>Source Files\Render\Shader\Definitions</Filter>
    </ClCompile>
  </ItemGroup>
  <ItemGroup>
    <None Include="src\Asset\Texture\DirectXTex.inl">
      <Filter>Source Files\Asset\Texture</Filter>
    </None>
    <None Include="src\Asset\Texture\Shaders\Compiled\BC6HEncode_EncodeBlockCS.inc">
      <Filter>Source Files\Asset\Texture\Shaders\Compiled</Filter>
    </None>
    <None Include="src\Asset\Texture\Shaders\Compiled\BC6HEncode_TryModeG10CS.inc">
      <Filter>Source Files\Asset\Texture\Shaders\Compiled</Filter>
    </None>
    <None Include="src\Asset\Texture\Shaders\Compiled\BC6HEncode_TryModeLE10CS.inc">
      <Filter>Source Files\Asset\Texture\Shaders\Compiled</Filter>
    </None>
    <None Include="src\Asset\Texture\Shaders\Compiled\BC7Encode_EncodeBlockCS.inc">
      <Filter>Source Files\Asset\Texture\Shaders\Compiled</Filter>
    </None>
    <None Include="src\Asset\Texture\Shaders\Compiled\BC7Encode_TryMode02CS.inc">
      <Filter>Source Files\Asset\Texture\Shaders\Compiled</Filter>
    </None>
    <None Include="src\Asset\Texture\Shaders\Compiled\BC7Encode_TryMode137CS.inc">
      <Filter>Source Files\Asset\Texture\Shaders\Compiled</Filter>
    </None>
    <None Include="src\Asset\Texture\Shaders\Compiled\BC7Encode_TryMode456CS.inc">
      <Filter>Source Files\Asset\Texture\Shaders\Compiled</Filter>
    </None>
  </ItemGroup>
</Project>